
Microsoft Visual Studio Solution File, Format Version 12.00
# Visual Studio Version 16
VisualStudioVersion = 16.0.29215.179
MinimumVisualStudioVersion = 10.0.40219.1
Project("{FAE04EC0-301F-11D3-BF4B-00C04F79EFBC}") = "Agenda", "Agenda\Agenda.csproj", "{7614AB7F-28FD-4980-AA97-18BA353A8AE8}"
EndProject
Project("{FAE04EC0-301F-11D3-BF4B-00C04F79EFBC}") = "AgendaWPF", "AgendaWPF\AgendaWPF.csproj", "{AE53BD0C-5A1B-49AD-A265-8904130C4FE6}"
EndProject
Global
	GlobalSection(SolutionConfigurationPlatforms) = preSolution
		Debug|Any CPU = Debug|Any CPU
		Release|Any CPU = Release|Any CPU
	EndGlobalSection
	GlobalSection(ProjectConfigurationPlatforms) = postSolution
		{7614AB7F-28FD-4980-AA97-18BA353A8AE8}.Debug|Any CPU.ActiveCfg = Debug|Any CPU
		{7614AB7F-28FD-4980-AA97-18BA353A8AE8}.Debug|Any CPU.Build.0 = Debug|Any CPU
		{7614AB7F-28FD-4980-AA97-18BA353A8AE8}.Release|Any CPU.ActiveCfg = Release|Any CPU
		{7614AB7F-28FD-4980-AA97-18BA353A8AE8}.Release|Any CPU.Build.0 = Release|Any CPU
		{AE53BD0C-5A1B-49AD-A265-8904130C4FE6}.Debug|Any CPU.ActiveCfg = Debug|Any CPU
		{AE53BD0C-5A1B-49AD-A265-8904130C4FE6}.Debug|Any CPU.Build.0 = Debug|Any CPU
		{AE53BD0C-5A1B-49AD-A265-8904130C4FE6}.Release|Any CPU.ActiveCfg = Release|Any CPU
		{AE53BD0C-5A1B-49AD-A265-8904130C4FE6}.Release|Any CPU.Build.0 = Release|Any CPU
	EndGlobalSection
	GlobalSection(SolutionProperties) = preSolution
		HideSolutionNode = FALSE
	EndGlobalSection
	GlobalSection(ExtensibilityGlobals) = postSolution
		SolutionGuid = {ACC7FF07-3AF2-47AA-9875-315447F77BA3}
	EndGlobalSection
EndGlobal
